// !$*UTF8*$!
{
	archiveVersion = 1;
	classes = {
	};
	objectVersion = 46;
	objects = {

/* Begin PBXBuildFile section */
		0F594F5F1B435B8B00A59C42 /* main.m in Sources */ = {isa = PBXBuildFile; fileRef = 0F594F5E1B435B8B00A59C42 /* main.m */; };
		0F594F621B435B8B00A59C42 /* AppDelegate.m in Sources */ = {isa = PBXBuildFile; fileRef = 0F594F611B435B8B00A59C42 /* AppDelegate.m */; };
		0F594F651B435B8B00A59C42 /* MasterViewController.m in Sources */ = {isa = PBXBuildFile; fileRef = 0F594F641B435B8B00A59C42 /* MasterViewController.m */; };
		0F594F681B435B8B00A59C42 /* DetailViewController.m in Sources */ = {isa = PBXBuildFile; fileRef = 0F594F671B435B8B00A59C42 /* DetailViewController.m */; };
		0F594F6B1B435B8B00A59C42 /* Main.storyboard in Resources */ = {isa = PBXBuildFile; fileRef = 0F594F691B435B8B00A59C42 /* Main.storyboard */; };
		0F594F6D1B435B8B00A59C42 /* Images.xcassets in Resources */ = {isa = PBXBuildFile; fileRef = 0F594F6C1B435B8B00A59C42 /* Images.xcassets */; };
		0F594F701B435B8B00A59C42 /* LaunchScreen.xib in Resources */ = {isa = PBXBuildFile; fileRef = 0F594F6E1B435B8B00A59C42 /* LaunchScreen.xib */; };
		0F594F7C1B435B8B00A59C42 /* PhunwareTestTests.m in Sources */ = {isa = PBXBuildFile; fileRef = 0F594F7B1B435B8B00A59C42 /* PhunwareTestTests.m */; };
		0F594F871B435E3C00A59C42 /* AppData.m in Sources */ = {isa = PBXBuildFile; fileRef = 0F594F861B435E3C00A59C42 /* AppData.m */; };
		0F594F881B435E3C00A59C42 /* AppData.m in Sources */ = {isa = PBXBuildFile; fileRef = 0F594F861B435E3C00A59C42 /* AppData.m */; };
		0F594F8B1B435E8000A59C42 /* Stadium.m in Sources */ = {isa = PBXBuildFile; fileRef = 0F594F8A1B435E8000A59C42 /* Stadium.m */; };
		0F594F8C1B435E8000A59C42 /* Stadium.m in Sources */ = {isa = PBXBuildFile; fileRef = 0F594F8A1B435E8000A59C42 /* Stadium.m */; };
		0F594F911B43A50D00A59C42 /* NSDictionary+SafeRead.m in Sources */ = {isa = PBXBuildFile; fileRef = 0F594F901B43A50D00A59C42 /* NSDictionary+SafeRead.m */; };
		0F594F921B43A50D00A59C42 /* NSDictionary+SafeRead.m in Sources */ = {isa = PBXBuildFile; fileRef = 0F594F901B43A50D00A59C42 /* NSDictionary+SafeRead.m */; };
		0F594F951B43A84700A59C42 /* Schedule.m in Sources */ = {isa = PBXBuildFile; fileRef = 0F594F941B43A84700A59C42 /* Schedule.m */; };
		0F594F961B43A84700A59C42 /* Schedule.m in Sources */ = {isa = PBXBuildFile; fileRef = 0F594F941B43A84700A59C42 /* Schedule.m */; };
		0F594F9C1B43ABD900A59C42 /* WaitView.m in Sources */ = {isa = PBXBuildFile; fileRef = 0F594F9B1B43ABD900A59C42 /* WaitView.m */; };
		0F594F9F1B445D9A00A59C42 /* UIImage+Resize.m in Sources */ = {isa = PBXBuildFile; fileRef = 0F594F9E1B445D9A00A59C42 /* UIImage+Resize.m */; };
		0F594FA01B445D9A00A59C42 /* UIImage+Resize.m in Sources */ = {isa = PBXBuildFile; fileRef = 0F594F9E1B445D9A00A59C42 /* UIImage+Resize.m */; };
/* End PBXBuildFile section */

/* Begin PBXContainerItemProxy section */
		0F594F761B435B8B00A59C42 /* PBXContainerItemProxy */ = {
			isa = PBXContainerItemProxy;
			containerPortal = 0F594F511B435B8B00A59C42 /* Project object */;
			proxyType = 1;
			remoteGlobalIDString = 0F594F581B435B8B00A59C42;
			remoteInfo = PhunwareTest;
		};
/* End PBXContainerItemProxy section */

/* Begin PBXFileReference section */
		0F594F591B435B8B00A59C42 /* PhunwareTest.app */ = {isa = PBXFileReference; explicitFileType = wrapper.application; includeInIndex = 0; path = PhunwareTest.app; sourceTree = BUILT_PRODUCTS_DIR; };
		0F594F5D1B435B8B00A59C42 /* Info.plist */ = {isa = PBXFileReference; lastKnownFileType = text.plist.xml; path = Info.plist; sourceTree = "<group>"; };
		0F594F5E1B435B8B00A59C42 /* main.m */ = {isa = PBXFileReference; lastKnownFileType = sourcecode.c.objc; path = main.m; sourceTree = "<group>"; };
		0F594F601B435B8B00A59C42 /* AppDelegate.h */ = {isa = PBXFileReference; lastKnownFileType = sourcecode.c.h; path = AppDelegate.h; sourceTree = "<group>"; };
		0F594F611B435B8B00A59C42 /* AppDelegate.m */ = {isa = PBXFileReference; lastKnownFileType = sourcecode.c.objc; path = AppDelegate.m; sourceTree = "<group>"; };
		0F594F631B435B8B00A59C42 /* MasterViewController.h */ = {isa = PBXFileReference; lastKnownFileType = sourcecode.c.h; path = MasterViewController.h; sourceTree = "<group>"; };
		0F594F641B435B8B00A59C42 /* MasterViewController.m */ = {isa = PBXFileReference; lastKnownFileType = sourcecode.c.objc; path = MasterViewController.m; sourceTree = "<group>"; };
		0F594F661B435B8B00A59C42 /* DetailViewController.h */ = {isa = PBXFileReference; lastKnownFileType = sourcecode.c.h; path = DetailViewController.h; sourceTree = "<group>"; };
		0F594F671B435B8B00A59C42 /* DetailViewController.m */ = {isa = PBXFileReference; lastKnownFileType = sourcecode.c.objc; path = DetailViewController.m; sourceTree = "<group>"; };
		0F594F6A1B435B8B00A59C42 /* Base */ = {isa = PBXFileReference; lastKnownFileType = file.storyboard; name = Base; path = Base.lproj/Main.storyboard; sourceTree = "<group>"; };
		0F594F6C1B435B8B00A59C42 /* Images.xcassets */ = {isa = PBXFileReference; lastKnownFileType = folder.assetcatalog; path = Images.xcassets; sourceTree = "<group>"; };
		0F594F6F1B435B8B00A59C42 /* Base */ = {isa = PBXFileReference; lastKnownFileType = file.xib; name = Base; path = Base.lproj/LaunchScreen.xib; sourceTree = "<group>"; };
		0F594F751B435B8B00A59C42 /* PhunwareTestTests.xctest */ = {isa = PBXFileReference; explicitFileType = wrapper.cfbundle; includeInIndex = 0; path = PhunwareTestTests.xctest; sourceTree = BUILT_PRODUCTS_DIR; };
		0F594F7A1B435B8B00A59C42 /* Info.plist */ = {isa = PBXFileReference; lastKnownFileType = text.plist.xml; path = Info.plist; sourceTree = "<group>"; };
		0F594F7B1B435B8B00A59C42 /* PhunwareTestTests.m */ = {isa = PBXFileReference; lastKnownFileType = sourcecode.c.objc; path = PhunwareTestTests.m; sourceTree = "<group>"; };
		0F594F851B435E3C00A59C42 /* AppData.h */ = {isa = PBXFileReference; fileEncoding = 4; lastKnownFileType = sourcecode.c.h; path = AppData.h; sourceTree = "<group>"; };
		0F594F861B435E3C00A59C42 /* AppData.m */ = {isa = PBXFileReference; fileEncoding = 4; lastKnownFileType = sourcecode.c.objc; path = AppData.m; sourceTree = "<group>"; };
		0F594F891B435E8000A59C42 /* Stadium.h */ = {isa = PBXFileReference; fileEncoding = 4; lastKnownFileType = sourcecode.c.h; path = Stadium.h; sourceTree = "<group>"; };
		0F594F8A1B435E8000A59C42 /* Stadium.m */ = {isa = PBXFileReference; fileEncoding = 4; lastKnownFileType = sourcecode.c.objc; path = Stadium.m; sourceTree = "<group>"; };
		0F594F8D1B43A20400A59C42 /* Constants.h */ = {isa = PBXFileReference; fileEncoding = 4; lastKnownFileType = sourcecode.c.h; path = Constants.h; sourceTree = "<group>"; };
		0F594F8F1B43A50D00A59C42 /* NSDictionary+SafeRead.h */ = {isa = PBXFileReference; fileEncoding = 4; lastKnownFileType = sourcecode.c.h; path = "NSDictionary+SafeRead.h"; sourceTree = "<group>"; };
		0F594F901B43A50D00A59C42 /* NSDictionary+SafeRead.m */ = {isa = PBXFileReference; fileEncoding = 4; lastKnownFileType = sourcecode.c.objc; path = "NSDictionary+SafeRead.m"; sourceTree = "<group>"; };
		0F594F931B43A84700A59C42 /* Schedule.h */ = {isa = PBXFileReference; fileEncoding = 4; lastKnownFileType = sourcecode.c.h; path = Schedule.h; sourceTree = "<group>"; };
		0F594F941B43A84700A59C42 /* Schedule.m */ = {isa = PBXFileReference; fileEncoding = 4; lastKnownFileType = sourcecode.c.objc; path = Schedule.m; sourceTree = "<group>"; };
		0F594F9A1B43ABD900A59C42 /* WaitView.h */ = {isa = PBXFileReference; fileEncoding = 4; lastKnownFileType = sourcecode.c.h; path = WaitView.h; sourceTree = "<group>"; };
		0F594F9B1B43ABD900A59C42 /* WaitView.m */ = {isa = PBXFileReference; fileEncoding = 4; lastKnownFileType = sourcecode.c.objc; path = WaitView.m; sourceTree = "<group>"; };
		0F594F9D1B445D9A00A59C42 /* UIImage+Resize.h */ = {isa = PBXFileReference; fileEncoding = 4; lastKnownFileType = sourcecode.c.h; path = "UIImage+Resize.h"; sourceTree = "<group>"; };
		0F594F9E1B445D9A00A59C42 /* UIImage+Resize.m */ = {isa = PBXFileReference; fileEncoding = 4; lastKnownFileType = sourcecode.c.objc; path = "UIImage+Resize.m"; sourceTree = "<group>"; };
/* End PBXFileReference section */

/* Begin PBXFrameworksBuildPhase section */
		0F594F561B435B8B00A59C42 /* Frameworks */ = {
			isa = PBXFrameworksBuildPhase;
			buildActionMask = 2147483647;
			files = (
			);
			runOnlyForDeploymentPostprocessing = 0;
		};
		0F594F721B435B8B00A59C42 /* Frameworks */ = {
			isa = PBXFrameworksBuildPhase;
			buildActionMask = 2147483647;
			files = (
			);
			runOnlyForDeploymentPostprocessing = 0;
		};
/* End PBXFrameworksBuildPhase section */

/* Begin PBXGroup section */
		0F594F501B435B8B00A59C42 = {
			isa = PBXGroup;
			children = (
				0F594F5B1B435B8B00A59C42 /* PhunwareTest */,
				0F594F781B435B8B00A59C42 /* PhunwareTestTests */,
				0F594F5A1B435B8B00A59C42 /* Products */,
			);
			sourceTree = "<group>";
		};
		0F594F5A1B435B8B00A59C42 /* Products */ = {
			isa = PBXGroup;
			children = (
				0F594F591B435B8B00A59C42 /* PhunwareTest.app */,
				0F594F751B435B8B00A59C42 /* PhunwareTestTests.xctest */,
			);
			name = Products;
			sourceTree = "<group>";
		};
		0F594F5B1B435B8B00A59C42 /* PhunwareTest */ = {
			isa = PBXGroup;
			children = (
				0F594F601B435B8B00A59C42 /* AppDelegate.h */,
				0F594F611B435B8B00A59C42 /* AppDelegate.m */,
				0F594F991B43AA1E00A59C42 /* User Interface */,
				0F594F971B43A9ED00A59C42 /* Data Objects */,
				0F594F981B43AA0500A59C42 /* Categories */,
				0F594F6C1B435B8B00A59C42 /* Images.xcassets */,
				0F594F5C1B435B8B00A59C42 /* Supporting Files */,
			);
			path = PhunwareTest;
			sourceTree = "<group>";
		};
		0F594F5C1B435B8B00A59C42 /* Supporting Files */ = {
			isa = PBXGroup;
			children = (
				0F594F5D1B435B8B00A59C42 /* Info.plist */,
				0F594F5E1B435B8B00A59C42 /* main.m */,
			);
			name = "Supporting Files";
			sourceTree = "<group>";
		};
		0F594F781B435B8B00A59C42 /* PhunwareTestTests */ = {
			isa = PBXGroup;
			children = (
				0F594F7B1B435B8B00A59C42 /* PhunwareTestTests.m */,
				0F594F791B435B8B00A59C42 /* Supporting Files */,
			);
			path = PhunwareTestTests;
			sourceTree = "<group>";
		};
		0F594F791B435B8B00A59C42 /* Supporting Files */ = {
			isa = PBXGroup;
			children = (
				0F594F7A1B435B8B00A59C42 /* Info.plist */,
			);
			name = "Supporting Files";
			sourceTree = "<group>";
		};
		0F594F971B43A9ED00A59C42 /* Data Objects */ = {
			isa = PBXGroup;
			children = (
				0F594F851B435E3C00A59C42 /* AppData.h */,
				0F594F861B435E3C00A59C42 /* AppData.m */,
				0F594F891B435E8000A59C42 /* Stadium.h */,
				0F594F8A1B435E8000A59C42 /* Stadium.m */,
				0F594F931B43A84700A59C42 /* Schedule.h */,
				0F594F941B43A84700A59C42 /* Schedule.m */,
				0F594F8D1B43A20400A59C42 /* Constants.h */,
			);
			name = "Data Objects";
			sourceTree = "<group>";
		};
		0F594F981B43AA0500A59C42 /* Categories */ = {
			isa = PBXGroup;
			children = (
				0F594F8F1B43A50D00A59C42 /* NSDictionary+SafeRead.h */,
				0F594F901B43A50D00A59C42 /* NSDictionary+SafeRead.m */,
				0F594F9D1B445D9A00A59C42 /* UIImage+Resize.h */,
				0F594F9E1B445D9A00A59C42 /* UIImage+Resize.m */,
			);
			name = Categories;
			sourceTree = "<group>";
		};
		0F594F991B43AA1E00A59C42 /* User Interface */ = {
			isa = PBXGroup;
			children = (
				0F594F631B435B8B00A59C42 /* MasterViewController.h */,
				0F594F641B435B8B00A59C42 /* MasterViewController.m */,
				0F594F661B435B8B00A59C42 /* DetailViewController.h */,
				0F594F671B435B8B00A59C42 /* DetailViewController.m */,
				0F594F9A1B43ABD900A59C42 /* WaitView.h */,
				0F594F9B1B43ABD900A59C42 /* WaitView.m */,
				0F594F691B435B8B00A59C42 /* Main.storyboard */,
				0F594F6E1B435B8B00A59C42 /* LaunchScreen.xib */,
			);
			name = "User Interface";
			sourceTree = "<group>";
		};
/* End PBXGroup section */

/* Begin PBXNativeTarget section */
		0F594F581B435B8B00A59C42 /* PhunwareTest */ = {
			isa = PBXNativeTarget;
			buildConfigurationList = 0F594F7F1B435B8B00A59C42 /* Build configuration list for PBXNativeTarget "PhunwareTest" */;
			buildPhases = (
				0F594F551B435B8B00A59C42 /* Sources */,
				0F594F561B435B8B00A59C42 /* Frameworks */,
				0F594F571B435B8B00A59C42 /* Resources */,
			);
			buildRules = (
			);
			dependencies = (
			);
			name = PhunwareTest;
			productName = PhunwareTest;
			productReference = 0F594F591B435B8B00A59C42 /* PhunwareTest.app */;
			productType = "com.apple.product-type.application";
		};
		0F594F741B435B8B00A59C42 /* PhunwareTestTests */ = {
			isa = PBXNativeTarget;
			buildConfigurationList = 0F594F821B435B8B00A59C42 /* Build configuration list for PBXNativeTarget "PhunwareTestTests" */;
			buildPhases = (
				0F594F711B435B8B00A59C42 /* Sources */,
				0F594F721B435B8B00A59C42 /* Frameworks */,
				0F594F731B435B8B00A59C42 /* Resources */,
			);
			buildRules = (
			);
			dependencies = (
				0F594F771B435B8B00A59C42 /* PBXTargetDependency */,
			);
			name = PhunwareTestTests;
			productName = PhunwareTestTests;
			productReference = 0F594F751B435B8B00A59C42 /* PhunwareTestTests.xctest */;
			productType = "com.apple.product-type.bundle.unit-test";
		};
/* End PBXNativeTarget section */

/* Begin PBXProject section */
		0F594F511B435B8B00A59C42 /* Project object */ = {
			isa = PBXProject;
			attributes = {
				LastUpgradeCheck = 0630;
				ORGANIZATIONNAME = "Looking Glass Software";
				TargetAttributes = {
					0F594F581B435B8B00A59C42 = {
						CreatedOnToolsVersion = 6.3.2;
					};
					0F594F741B435B8B00A59C42 = {
						CreatedOnToolsVersion = 6.3.2;
						TestTargetID = 0F594F581B435B8B00A59C42;
					};
				};
			};
			buildConfigurationList = 0F594F541B435B8B00A59C42 /* Build configuration list for PBXProject "PhunwareTest" */;
			compatibilityVersion = "Xcode 3.2";
			developmentRegion = English;
			hasScannedForEncodings = 0;
			knownRegions = (
				en,
				Base,
			);
			mainGroup = 0F594F501B435B8B00A59C42;
			productRefGroup = 0F594F5A1B435B8B00A59C42 /* Products */;
			projectDirPath = "";
			projectRoot = "";
			targets = (
				0F594F581B435B8B00A59C42 /* PhunwareTest */,
				0F594F741B435B8B00A59C42 /* PhunwareTestTests */,
			);
		};
/* End PBXProject section */

/* Begin PBXResourcesBuildPhase section */
		0F594F571B435B8B00A59C42 /* Resources */ = {
			isa = PBXResourcesBuildPhase;
			buildActionMask = 2147483647;
			files = (
				0F594F6B1B435B8B00A59C42 /* Main.storyboard in Resources */,
				0F594F701B435B8B00A59C42 /* LaunchScreen.xib in Resources */,
				0F594F6D1B435B8B00A59C42 /* Images.xcassets in Resources */,
			);
			runOnlyForDeploymentPostprocessing = 0;
		};
		0F594F731B435B8B00A59C42 /* Resources */ = {
			isa = PBXResourcesBuildPhase;
			buildActionMask = 2147483647;
			files = (
			);
			runOnlyForDeploymentPostprocessing = 0;
		};
/* End PBXResourcesBuildPhase section */

/* Begin PBXSourcesBuildPhase section */
		0F594F551B435B8B00A59C42 /* Sources */ = {
			isa = PBXSourcesBuildPhase;
			buildActionMask = 2147483647;
			files = (
				0F594F621B435B8B00A59C42 /* AppDelegate.m in Sources */,
				0F594F651B435B8B00A59C42 /* MasterViewController.m in Sources */,
				0F594F951B43A84700A59C42 /* Schedule.m in Sources */,
				0F594F911B43A50D00A59C42 /* NSDictionary+SafeRead.m in Sources */,
				0F594F5F1B435B8B00A59C42 /* main.m in Sources */,
				0F594F681B435B8B00A59C42 /* DetailViewController.m in Sources */,
				0F594F9C1B43ABD900A59C42 /* WaitView.m in Sources */,
				0F594F871B435E3C00A59C42 /* AppData.m in Sources */,
				0F594F8B1B435E8000A59C42 /* Stadium.m in Sources */,
				0F594F9F1B445D9A00A59C42 /* UIImage+Resize.m in Sources */,
			);
			runOnlyForDeploymentPostprocessing = 0;
		};
		0F594F711B435B8B00A59C42 /* Sources */ = {
			isa = PBXSourcesBuildPhase;
			buildActionMask = 2147483647;
			files = (
				0F594F961B43A84700A59C42 /* Schedule.m in Sources */,
				0F594F7C1B435B8B00A59C42 /* PhunwareTestTests.m in Sources */,
				0F594F881B435E3C00A59C42 /* AppData.m in Sources */,
				0F594F8C1B435E8000A59C42 /* Stadium.m in Sources */,
				0F594F921B43A50D00A59C42 /* NSDictionary+SafeRead.m in Sources */,
				0F594FA01B445D9A00A59C42 /* UIImage+Resize.m in Sources */,
			);
			runOnlyForDeploymentPostprocessing = 0;
		};
/* End PBXSourcesBuildPhase section */

/* Begin PBXTargetDependency section */
		0F594F771B435B8B00A59C42 /* PBXTargetDependency */ = {
			isa = PBXTargetDependency;
			target = 0F594F581B435B8B00A59C42 /* PhunwareTest */;
			targetProxy = 0F594F761B435B8B00A59C42 /* PBXContainerItemProxy */;
		};
/* End PBXTargetDependency section */

/* Begin PBXVariantGroup section */
		0F594F691B435B8B00A59C42 /* Main.storyboard */ = {
			isa = PBXVariantGroup;
			children = (
				0F594F6A1B435B8B00A59C42 /* Base */,
			);
			name = Main.storyboard;
			sourceTree = "<group>";
		};
		0F594F6E1B435B8B00A59C42 /* LaunchScreen.xib */ = {
			isa = PBXVariantGroup;
			children = (
				0F594F6F1B435B8B00A59C42 /* Base */,
			);
			name = LaunchScreen.xib;
			sourceTree = "<group>";
		};
/* End PBXVariantGroup section */

/* Begin XCBuildConfiguration section */
		0F594F7D1B435B8B00A59C42 /* Debug */ = {
			isa = XCBuildConfiguration;
			buildSettings = {
				ALWAYS_SEARCH_USER_PATHS = NO;
				CLANG_CXX_LANGUAGE_STANDARD = "gnu++0x";
				CLANG_CXX_LIBRARY = "libc++";
				CLANG_ENABLE_MODULES = YES;
				CLANG_ENABLE_OBJC_ARC = YES;
				CLANG_WARN_BOOL_CONVERSION = YES;
				CLANG_WARN_CONSTANT_CONVERSION = YES;
				CLANG_WARN_DIRECT_OBJC_ISA_USAGE = YES_ERROR;
				CLANG_WARN_EMPTY_BODY = YES;
				CLANG_WARN_ENUM_CONVERSION = YES;
				CLANG_WARN_INT_CONVERSION = YES;
				CLANG_WARN_OBJC_ROOT_CLASS = YES_ERROR;
				CLANG_WARN_UNREACHABLE_CODE = YES;
				CLANG_WARN__DUPLICATE_METHOD_MATCH = YES;
				"CODE_SIGN_IDENTITY[sdk=iphoneos*]" = "iPhone Developer";
				COPY_PHASE_STRIP = NO;
				DEBUG_INFORMATION_FORMAT = "dwarf-with-dsym";
				ENABLE_STRICT_OBJC_MSGSEND = YES;
				GCC_C_LANGUAGE_STANDARD = gnu99;
				GCC_DYNAMIC_NO_PIC = NO;
				GCC_NO_COMMON_BLOCKS = YES;
				GCC_OPTIMIZATION_LEVEL = 0;
				GCC_PREPROCESSOR_DEFINITIONS = (
					"DEBUG=1",
					"$(inherited)",
				);
				GCC_SYMBOLS_PRIVATE_EXTERN = NO;
				GCC_WARN_64_TO_32_BIT_CONVERSION = YES;
				GCC_WARN_ABOUT_RETURN_TYPE = YES_ERROR;
				GCC_WARN_UNDECLARED_SELECTOR = YES;
				GCC_WARN_UNINITIALIZED_AUTOS = YES_AGGRESSIVE;
				GCC_WARN_UNUSED_FUNCTION = YES;
				GCC_WARN_UNUSED_VARIABLE = YES;
				IPHONEOS_DEPLOYMENT_TARGET = 8.3;
				MTL_ENABLE_DEBUG_INFO = YES;
				ONLY_ACTIVE_ARCH = YES;
				SDKROOT = iphoneos;
				TARGETED_DEVICE_FAMILY = "1,2";
			};
			name = Debug;
		};
		0F594F7E1B435B8B00A59C42 /* Release */ = {
			isa = XCBuildConfiguration;
			buildSettings = {
				ALWAYS_SEARCH_USER_PATHS = NO;
				CLANG_CXX_LANGUAGE_STANDARD = "gnu++0x";
				CLANG_CXX_LIBRARY = "libc++";
				CLANG_ENABLE_MODULES = YES;
				CLANG_ENABLE_OBJC_ARC = YES;
				CLANG_WARN_BOOL_CONVERSION = YES;
				CLANG_WARN_CONSTANT_CONVERSION = YES;
				CLANG_WARN_DIRECT_OBJC_ISA_USAGE = YES_ERROR;
				CLANG_WARN_EMPTY_BODY = YES;
				CLANG_WARN_ENUM_CONVERSION = YES;
				CLANG_WARN_INT_CONVERSION = YES;
				CLANG_WARN_OBJC_ROOT_CLASS = YES_ERROR;
				CLANG_WARN_UNREACHABLE_CODE = YES;
				CLANG_WARN__DUPLICATE_METHOD_MATCH = YES;
				"CODE_SIGN_IDENTITY[sdk=iphoneos*]" = "iPhone Developer";
				COPY_PHASE_STRIP = NO;
				DEBUG_INFORMATION_FORMAT = "dwarf-with-dsym";
				ENABLE_NS_ASSERTIONS = NO;
				ENABLE_STRICT_OBJC_MSGSEND = YES;
				GCC_C_LANGUAGE_STANDARD = gnu99;
				GCC_NO_COMMON_BLOCKS = YES;
				GCC_WARN_64_TO_32_BIT_CONVERSION = YES;
				GCC_WARN_ABOUT_RETURN_TYPE = YES_ERROR;
				GCC_WARN_UNDECLARED_SELECTOR = YES;
				GCC_WARN_UNINITIALIZED_AUTOS = YES_AGGRESSIVE;
				GCC_WARN_UNUSED_FUNCTION = YES;
				GCC_WARN_UNUSED_VARIABLE = YES;
				IPHONEOS_DEPLOYMENT_TARGET = 8.3;
				MTL_ENABLE_DEBUG_INFO = NO;
				SDKROOT = iphoneos;
				TARGETED_DEVICE_FAMILY = "1,2";
				VALIDATE_PRODUCT = YES;
			};
			name = Release;
		};
		0F594F801B435B8B00A59C42 /* Debug */ = {
			isa = XCBuildConfiguration;
			buildSettings = {
				ASSETCATALOG_COMPILER_APPICON_NAME = AppIcon;
				INFOPLIST_FILE = PhunwareTest/Info.plist;
				LD_RUNPATH_SEARCH_PATHS = "$(inherited) @executable_path/Frameworks";
				PRODUCT_NAME = "$(TARGET_NAME)";
			};
			name = Debug;
		};
		0F594F811B435B8B00A59C42 /* Release */ = {
			isa = XCBuildConfiguration;
			buildSettings = {
				ASSETCATALOG_COMPILER_APPICON_NAME = AppIcon;
				INFOPLIST_FILE = PhunwareTest/Info.plist;
				LD_RUNPATH_SEARCH_PATHS = "$(inherited) @executable_path/Frameworks";
				PRODUCT_NAME = "$(TARGET_NAME)";
			};
			name = Release;
		};
		0F594F831B435B8B00A59C42 /* Debug */ = {
			isa = XCBuildConfiguration;
			buildSettings = {
				BUNDLE_LOADER = "$(TEST_HOST)";
				FRAMEWORK_SEARCH_PATHS = (
					"$(SDKROOT)/Developer/Library/Frameworks",
					"$(inherited)",
				);
				GCC_PREPROCESSOR_DEFINITIONS = (
					"DEBUG=1",
					"$(inherited)",
				);
				INFOPLIST_FILE = PhunwareTestTests/Info.plist;
				LD_RUNPATH_SEARCH_PATHS = "$(inherited) @executable_path/Frameworks @loader_path/Frameworks";
				PRODUCT_NAME = "$(TARGET_NAME)";
				TEST_HOST = "$(BUILT_PRODUCTS_DIR)/PhunwareTest.app/PhunwareTest";
			};
			name = Debug;
		};
		0F594F841B435B8B00A59C42 /* Release */ = {
			isa = XCBuildConfiguration;
			buildSettings = {
				BUNDLE_LOADER = "$(TEST_HOST)";
				FRAMEWORK_SEARCH_PATHS = (
					"$(SDKROOT)/Developer/Library/Frameworks",
					"$(inherited)",
				);
				INFOPLIST_FILE = PhunwareTestTests/Info.plist;
				LD_RUNPATH_SEARCH_PATHS = "$(inherited) @executable_path/Frameworks @loader_path/Frameworks";
				PRODUCT_NAME = "$(TARGET_NAME)";
				TEST_HOST = "$(BUILT_PRODUCTS_DIR)/PhunwareTest.app/PhunwareTest";
			};
			name = Release;
		};
/* End XCBuildConfiguration section */

/* Begin XCConfigurationList section */
		0F594F541B435B8B00A59C42 /* Build configuration list for PBXProject "PhunwareTest" */ = {
			isa = XCConfigurationList;
			buildConfigurations = (
				0F594F7D1B435B8B00A59C42 /* Debug */,
				0F594F7E1B435B8B00A59C42 /* Release */,
			);
			defaultConfigurationIsVisible = 0;
			defaultConfigurationName = Release;
		};
		0F594F7F1B435B8B00A59C42 /* Build configuration list for PBXNativeTarget "PhunwareTest" */ = {
			isa = XCConfigurationList;
			buildConfigurations = (
				0F594F801B435B8B00A59C42 /* Debug */,
				0F594F811B435B8B00A59C42 /* Release */,
			);
			defaultConfigurationIsVisible = 0;
		};
		0F594F821B435B8B00A59C42 /* Build configuration list for PBXNativeTarget "PhunwareTestTests" */ = {
			isa = XCConfigurationList;
			buildConfigurations = (
				0F594F831B435B8B00A59C42 /* Debug */,
				0F594F841B435B8B00A59C42 /* Release */,
			);
			defaultConfigurationIsVisible = 0;
		};
/* End XCConfigurationList section */
	};
	rootObject = 0F594F511B435B8B00A59C42 /* Project object */;
}
